github.com/boyxp/nova v0.0.0-20220126091209-e2b8f393ed18 h1:o8eomF2+B4cgJaGLQWjsqE/DKjCZUOoBQD9z4xEQvRk=
github.com/boyxp/nova v0.0.0-20220126091209-e2b8f393ed18/go.mod h1:t9b50NiXxMo3zOPzzjdBxPLmUKnnLZeE83JetLx4liw=
github.com/fvbock/endless v0.0.0-20170109170031-447134032cb6 h1:6VSn3hB5U5GeA6kQw4TwWIWbOhtvR2hmbBJnTOtqTWc=
github.com/fvbock/endless v0.0.0-20170109170031-447134032cb6/go.mod h1:YxOVT5+yHzKvwhsiSIWmbAYM3Dr9AEEbER2dVayfBkg=
